// !$*UTF8*$!
{
	archiveVersion = 1;
	classes = {
	};
	objectVersion = 46;
	objects = {

/* Begin PBXBuildFile section */
		F17E5AFE1F6EA7BC003282A2 /* AppDelegate.swift in Sources */ = {isa = PBXBuildFile; fileRef = F17E5AFD1F6EA7BC003282A2 /* AppDelegate.swift */; };
		F17E5B001F6EA7BC003282A2 /* ViewController.swift in Sources */ = {isa = PBXBuildFile; fileRef = F17E5AFF1F6EA7BC003282A2 /* ViewController.swift */; };
		F17E5B031F6EA7BC003282A2 /* Main.storyboard in Resources */ = {isa = PBXBuildFile; fileRef = F17E5B011F6EA7BC003282A2 /* Main.storyboard */; };
		F17E5B051F6EA7BC003282A2 /* Assets.xcassets in Resources */ = {isa = PBXBuildFile; fileRef = F17E5B041F6EA7BC003282A2 /* Assets.xcassets */; };
		F17E5B081F6EA7BC003282A2 /* LaunchScreen.storyboard in Resources */ = {isa = PBXBuildFile; fileRef = F17E5B061F6EA7BC003282A2 /* LaunchScreen.storyboard */; };
		F17E5B131F6EA7BC003282A2 /* ArityFanTests.swift in Sources */ = {isa = PBXBuildFile; fileRef = F17E5B121F6EA7BC003282A2 /* ArityFanTests.swift */; };
/* End PBXBuildFile section */

/* Begin PBXContainerItemProxy section */
		F17E5B0F1F6EA7BC003282A2 /* PBXContainerItemProxy */ = {
			isa = PBXContainerItemProxy;
			containerPortal = F17E5AF21F6EA7BC003282A2 /* Project object */;
			proxyType = 1;
			remoteGlobalIDString = F17E5AF91F6EA7BC003282A2;
			remoteInfo = ArityFan;
		};
/* End PBXContainerItemProxy section */

/* Begin PBXFileReference section */
		F17E5AFA1F6EA7BC003282A2 /* ArityFan.app */ = {isa = PBXFileReference; explicitFileType = wrapper.application; includeInIndex = 0; path = ArityFan.app; sourceTree = BUILT_PRODUCTS_DIR; };
		F17E5AFD1F6EA7BC003282A2 /* AppDelegate.swift */ = {isa = PBXFileReference; lastKnownFileType = sourcecode.swift; path = AppDelegate.swift; sourceTree = "<group>"; };
		F17E5AFF1F6EA7BC003282A2 /* ViewController.swift */ = {isa = PBXFileReference; lastKnownFileType = sourcecode.swift; path = ViewController.swift; sourceTree = "<group>"; };
		F17E5B021F6EA7BC003282A2 /* Base */ = {isa = PBXFileReference; lastKnownFileType = file.storyboard; name = Base; path = Base.lproj/Main.storyboard; sourceTree = "<group>"; };
		F17E5B041F6EA7BC003282A2 /* Assets.xcassets */ = {isa = PBXFileReference; lastKnownFileType = folder.assetcatalog; path = Assets.xcassets; sourceTree = "<group>"; };
		F17E5B071F6EA7BC003282A2 /* Base */ = {isa = PBXFileReference; lastKnownFileType = file.storyboard; name = Base; path = Base.lproj/LaunchScreen.storyboard; sourceTree = "<group>"; };
		F17E5B091F6EA7BC003282A2 /* Info.plist */ = {isa = PBXFileReference; lastKnownFileType = text.plist.xml; path = Info.plist; sourceTree = "<group>"; };
		F17E5B0E1F6EA7BC003282A2 /* ArityFanTests.xctest */ = {isa = PBXFileReference; explicitFileType = wrapper.cfbundle; includeInIndex = 0; path = ArityFanTests.xctest; sourceTree = BUILT_PRODUCTS_DIR; };
		F17E5B121F6EA7BC003282A2 /* ArityFanTests.swift */ = {isa = PBXFileReference; lastKnownFileType = sourcecode.swift; path = ArityFanTests.swift; sourceTree = "<group>"; };
		F17E5B141F6EA7BC003282A2 /* Info.plist */ = {isa = PBXFileReference; lastKnownFileType = text.plist.xml; path = Info.plist; sourceTree = "<group>"; };
/* End PBXFileReference section */

/* Begin PBXFrameworksBuildPhase section */
		F17E5AF71F6EA7BC003282A2 /* Frameworks */ = {
			isa = PBXFrameworksBuildPhase;
			buildActionMask = 2147483647;
			files = (
			);
			runOnlyForDeploymentPostprocessing = 0;
		};
		F17E5B0B1F6EA7BC003282A2 /* Frameworks */ = {
			isa = PBXFrameworksBuildPhase;
			buildActionMask = 2147483647;
			files = (
			);
			runOnlyForDeploymentPostprocessing = 0;
		};
/* End PBXFrameworksBuildPhase section */

/* Begin PBXGroup section */
		F17E5AF11F6EA7BC003282A2 = {
			isa = PBXGroup;
			children = (
				F17E5AFC1F6EA7BC003282A2 /* ArityFan */,
				F17E5B111F6EA7BC003282A2 /* ArityFanTests */,
				F17E5AFB1F6EA7BC003282A2 /* Products */,
			);
			sourceTree = "<group>";
		};
		F17E5AFB1F6EA7BC003282A2 /* Products */ = {
			isa = PBXGroup;
			children = (
				F17E5AFA1F6EA7BC003282A2 /* ArityFan.app */,
				F17E5B0E1F6EA7BC003282A2 /* ArityFanTests.xctest */,
			);
			name = Products;
			sourceTree = "<group>";
		};
		F17E5AFC1F6EA7BC003282A2 /* ArityFan */ = {
			isa = PBXGroup;
			children = (
				F17E5AFD1F6EA7BC003282A2 /* AppDelegate.swift */,
				F17E5AFF1F6EA7BC003282A2 /* ViewController.swift */,
				F17E5B011F6EA7BC003282A2 /* Main.storyboard */,
				F17E5B041F6EA7BC003282A2 /* Assets.xcassets */,
				F17E5B061F6EA7BC003282A2 /* LaunchScreen.storyboard */,
				F17E5B091F6EA7BC003282A2 /* Info.plist */,
			);
			path = ArityFan;
			sourceTree = "<group>";
		};
		F17E5B111F6EA7BC003282A2 /* ArityFanTests */ = {
			isa = PBXGroup;
			children = (
				F17E5B121F6EA7BC003282A2 /* ArityFanTests.swift */,
				F17E5B141F6EA7BC003282A2 /* Info.plist */,
			);
			path = ArityFanTests;
			sourceTree = "<group>";
		};
/* End PBXGroup section */

/* Begin PBXNativeTarget section */
		F17E5AF91F6EA7BC003282A2 /* ArityFan */ = {
			isa = PBXNativeTarget;
			buildConfigurationList = F17E5B171F6EA7BC003282A2 /* Build configuration list for PBXNativeTarget "ArityFan" */;
			buildPhases = (
				F17E5AF61F6EA7BC003282A2 /* Sources */,
				F17E5AF71F6EA7BC003282A2 /* Frameworks */,
				F17E5AF81F6EA7BC003282A2 /* Resources */,
			);
			buildRules = (
			);
			dependencies = (
			);
			name = ArityFan;
			productName = ArityFan;
			productReference = F17E5AFA1F6EA7BC003282A2 /* ArityFan.app */;
			productType = "com.apple.product-type.application";
		};
		F17E5B0D1F6EA7BC003282A2 /* ArityFanTests */ = {
			isa = PBXNativeTarget;
			buildConfigurationList = F17E5B1A1F6EA7BC003282A2 /* Build configuration list for PBXNativeTarget "ArityFanTests" */;
			buildPhases = (
				F17E5B0A1F6EA7BC003282A2 /* Sources */,
				F17E5B0B1F6EA7BC003282A2 /* Frameworks */,
				F17E5B0C1F6EA7BC003282A2 /* Resources */,
			);
			buildRules = (
			);
			dependencies = (
				F17E5B101F6EA7BC003282A2 /* PBXTargetDependency */,
			);
			name = ArityFanTests;
			productName = ArityFanTests;
			productReference = F17E5B0E1F6EA7BC003282A2 /* ArityFanTests.xctest */;
			productType = "com.apple.product-type.bundle.unit-test";
		};
/* End PBXNativeTarget section */

/* Begin PBXProject section */
		F17E5AF21F6EA7BC003282A2 /* Project object */ = {
			isa = PBXProject;
			attributes = {
				LastSwiftUpdateCheck = 0830;
				LastUpgradeCheck = 0830;
				ORGANIZATIONNAME = "Edmund Mok";
				TargetAttributes = {
					F17E5AF91F6EA7BC003282A2 = {
						CreatedOnToolsVersion = 8.3.3;
						DevelopmentTeam = 93J5N959FE;
						ProvisioningStyle = Automatic;
					};
					F17E5B0D1F6EA7BC003282A2 = {
						CreatedOnToolsVersion = 8.3.3;
						DevelopmentTeam = 93J5N959FE;
						ProvisioningStyle = Automatic;
						TestTargetID = F17E5AF91F6EA7BC003282A2;
					};
				};
			};
			buildConfigurationList = F17E5AF51F6EA7BC003282A2 /* Build configuration list for PBXProject "ArityFan" */;
			compatibilityVersion = "Xcode 3.2";
			developmentRegion = English;
			hasScannedForEncodings = 0;
			knownRegions = (
				en,
				Base,
			);
			mainGroup = F17E5AF11F6EA7BC003282A2;
			productRefGroup = F17E5AFB1F6EA7BC003282A2 /* Products */;
			projectDirPath = "";
			projectRoot = "";
			targets = (
				F17E5AF91F6EA7BC003282A2 /* ArityFan */,
				F17E5B0D1F6EA7BC003282A2 /* ArityFanTests */,
			);
		};
/* End PBXProject section */

/* Begin PBXResourcesBuildPhase section */
		F17E5AF81F6EA7BC003282A2 /* Resources */ = {
			isa = PBXResourcesBuildPhase;
			buildActionMask = 2147483647;
			files = (
				F17E5B081F6EA7BC003282A2 /* LaunchScreen.storyboard in Resources */,
				F17E5B051F6EA7BC003282A2 /* Assets.xcassets in Resources */,
				F17E5B031F6EA7BC003282A2 /* Main.storyboard in Resources */,
			);
			runOnlyForDeploymentPostprocessing = 0;
		};
		F17E5B0C1F6EA7BC003282A2 /* Resources */ = {
			isa = PBXResourcesBuildPhase;
			buildActionMask = 2147483647;
			files = (
			);
			runOnlyForDeploymentPostprocessing = 0;
		};
/* End PBXResourcesBuildPhase section */

/* Begin PBXSourcesBuildPhase section */
		F17E5AF61F6EA7BC003282A2 /* Sources */ = {
			isa = PBXSourcesBuildPhase;
			buildActionMask = 2147483647;
			files = (
				F17E5B001F6EA7BC003282A2 /* ViewController.swift in Sources */,
				F17E5AFE1F6EA7BC003282A2 /* AppDelegate.swift in Sources */,
			);
			runOnlyForDeploymentPostprocessing = 0;
		};
		F17E5B0A1F6EA7BC003282A2 /* Sources */ = {
			isa = PBXSourcesBuildPhase;
			buildActionMask = 2147483647;
			files = (
				F17E5B131F6EA7BC003282A2 /* ArityFanTests.swift in Sources */,
			);
			runOnlyForDeploymentPostprocessing = 0;
		};
/* End PBXSourcesBuildPhase section */

/* Begin PBXTargetDependency section */
		F17E5B101F6EA7BC003282A2 /* PBXTargetDependency */ = {
			isa = PBXTargetDependency;
			target = F17E5AF91F6EA7BC003282A2 /* ArityFan */;
			targetProxy = F17E5B0F1F6EA7BC003282A2 /* PBXContainerItemProxy */;
		};
/* End PBXTargetDependency section */

/* Begin PBXVariantGroup section */
		F17E5B011F6EA7BC003282A2 /* Main.storyboard */ = {
			isa = PBXVariantGroup;
			children = (
				F17E5B021F6EA7BC003282A2 /* Base */,
			);
			name = Main.storyboard;
			sourceTree = "<group>";
		};
		F17E5B061F6EA7BC003282A2 /* LaunchScreen.storyboard */ = {
			isa = PBXVariantGroup;
			children = (
				F17E5B071F6EA7BC003282A2 /* Base */,
			);
			name = LaunchScreen.storyboard;
			sourceTree = "<group>";
		};
/* End PBXVariantGroup section */

/* Begin XCBuildConfiguration section */
		F17E5B151F6EA7BC003282A2 /* Debug */ = {
			isa = XCBuildConfiguration;
			buildSettings = {
				ALWAYS_SEARCH_USER_PATHS = NO;
				CLANG_ANALYZER_NONNULL = YES;
				CLANG_ANALYZER_NUMBER_OBJECT_CONVERSION = YES_AGGRESSIVE;
				CLANG_CXX_LANGUAGE_STANDARD = "gnu++0x";
				CLANG_CXX_LIBRARY = "libc++";
				CLANG_ENABLE_MODULES = YES;
				CLANG_ENABLE_OBJC_ARC = YES;
				CLANG_WARN_BOOL_CONVERSION = YES;
				CLANG_WARN_CONSTANT_CONVERSION = YES;
				CLANG_WARN_DIRECT_OBJC_ISA_USAGE = YES_ERROR;
				CLANG_WARN_DOCUMENTATION_COMMENTS = YES;
				CLANG_WARN_EMPTY_BODY = YES;
				CLANG_WARN_ENUM_CONVERSION = YES;
				CLANG_WARN_INFINITE_RECURSION = YES;
				CLANG_WARN_INT_CONVERSION = YES;
				CLANG_WARN_OBJC_ROOT_CLASS = YES_ERROR;
				CLANG_WARN_SUSPICIOUS_MOVE = YES;
				CLANG_WARN_UNREACHABLE_CODE = YES;
				CLANG_WARN__DUPLICATE_METHOD_MATCH = YES;
				"CODE_SIGN_IDENTITY[sdk=iphoneos*]" = "iPhone Developer";
				COPY_PHASE_STRIP = NO;
				DEBUG_INFORMATION_FORMAT = dwarf;
				ENABLE_STRICT_OBJC_MSGSEND = YES;
				ENABLE_TESTABILITY = YES;
				GCC_C_LANGUAGE_STANDARD = gnu99;
				GCC_DYNAMIC_NO_PIC = NO;
				GCC_NO_COMMON_BLOCKS = YES;
				GCC_OPTIMIZATION_LEVEL = 0;
				GCC_PREPROCESSOR_DEFINITIONS = (
					"DEBUG=1",
					"$(inherited)",
				);
				GCC_WARN_64_TO_32_BIT_CONVERSION = YES;
				GCC_WARN_ABOUT_RETURN_TYPE = YES_ERROR;
				GCC_WARN_UNDECLARED_SELECTOR = YES;
				GCC_WARN_UNINITIALIZED_AUTOS = YES_AGGRESSIVE;
				GCC_WARN_UNUSED_FUNCTION = YES;
				GCC_WARN_UNUSED_VARIABLE = YES;
				IPHONEOS_DEPLOYMENT_TARGET = 10.3;
				MTL_ENABLE_DEBUG_INFO = YES;
				ONLY_ACTIVE_ARCH = YES;
				SDKROOT = iphoneos;
				SWIFT_ACTIVE_COMPILATION_CONDITIONS = DEBUG;
				SWIFT_OPTIMIZATION_LEVEL = "-Onone";
				TARGETED_DEVICE_FAMILY = "1,2";
			};
			name = Debug;
		};
		F17E5B161F6EA7BC003282A2 /* Release */ = {
			isa = XCBuildConfiguration;
			buildSettings = {
				ALWAYS_SEARCH_USER_PATHS = NO;
				CLANG_ANALYZER_NONNULL = YES;
				CLANG_ANALYZER_NUMBER_OBJECT_CONVERSION = YES_AGGRESSIVE;
				CLANG_CXX_LANGUAGE_STANDARD = "gnu++0x";
				CLANG_CXX_LIBRARY = "libc++";
				CLANG_ENABLE_MODULES = YES;
				CLANG_ENABLE_OBJC_ARC = YES;
				CLANG_WARN_BOOL_CONVERSION = YES;
				CLANG_WARN_CONSTANT_CONVERSION = YES;
				CLANG_WARN_DIRECT_OBJC_ISA_USAGE = YES_ERROR;
				CLANG_WARN_DOCUMENTATION_COMMENTS = YES;
				CLANG_WARN_EMPTY_BODY = YES;
				CLANG_WARN_ENUM_CONVERSION = YES;
				CLANG_WARN_INFINITE_RECURSION = YES;
				CLANG_WARN_INT_CONVERSION = YES;
				CLANG_WARN_OBJC_ROOT_CLASS = YES_ERROR;
				CLANG_WARN_SUSPICIOUS_MOVE = YES;
				CLANG_WARN_UNREACHABLE_CODE = YES;
				CLANG_WARN__DUPLICATE_METHOD_MATCH = YES;
				"CODE_SIGN_IDENTITY[sdk=iphoneos*]" = "iPhone Developer";
				COPY_PHASE_STRIP = NO;
				DEBUG_INFORMATION_FORMAT = "dwarf-with-dsym";
				ENABLE_NS_ASSERTIONS = NO;
				ENABLE_STRICT_OBJC_MSGSEND = YES;
				GCC_C_LANGUAGE_STANDARD = gnu99;
				GCC_NO_COMMON_BLOCKS = YES;
				GCC_WARN_64_TO_32_BIT_CONVERSION = YES;
				GCC_WARN_ABOUT_RETURN_TYPE = YES_ERROR;
				GCC_WARN_UNDECLARED_SELECTOR = YES;
				GCC_WARN_UNINITIALIZED_AUTOS = YES_AGGRESSIVE;
				GCC_WARN_UNUSED_FUNCTION = YES;
				GCC_WARN_UNUSED_VARIABLE = YES;
				IPHONEOS_DEPLOYMENT_TARGET = 10.3;
				MTL_ENABLE_DEBUG_INFO = NO;
				SDKROOT = iphoneos;
				SWIFT_OPTIMIZATION_LEVEL = "-Owholemodule";
				TARGETED_DEVICE_FAMILY = "1,2";
				VALIDATE_PRODUCT = YES;
			};
			name = Release;
		};
		F17E5B181F6EA7BC003282A2 /* Debug */ = {
			isa = XCBuildConfiguration;
			buildSettings = {
				ASSETCATALOG_COMPILER_APPICON_NAME = AppIcon;
				DEVELOPMENT_TEAM = 93J5N959FE;
				INFOPLIST_FILE = ArityFan/Info.plist;
				LD_RUNPATH_SEARCH_PATHS = "$(inherited) @executable_path/Frameworks";
				PRODUCT_BUNDLE_IDENTIFIER = com.edmundmok.ArityFan;
				PRODUCT_NAME = "$(TARGET_NAME)";
				SWIFT_VERSION = 3.0;
			};
			name = Debug;
		};
		F17E5B191F6EA7BC003282A2 /* Release */ = {
			isa = XCBuildConfiguration;
			buildSettings = {
				ASSETCATALOG_COMPILER_APPICON_NAME = AppIcon;
				DEVELOPMENT_TEAM = 93J5N959FE;
				INFOPLIST_FILE = ArityFan/Info.plist;
				LD_RUNPATH_SEARCH_PATHS = "$(inherited) @executable_path/Frameworks";
				PRODUCT_BUNDLE_IDENTIFIER = com.edmundmok.ArityFan;
				PRODUCT_NAME = "$(TARGET_NAME)";
				SWIFT_VERSION = 3.0;
			};
			name = Release;
		};
		F17E5B1B1F6EA7BC003282A2 /* Debug */ = {
			isa = XCBuildConfiguration;
			buildSettings = {
				ALWAYS_EMBED_SWIFT_STANDARD_LIBRARIES = YES;
				BUNDLE_LOADER = "$(TEST_HOST)";
				DEVELOPMENT_TEAM = 93J5N959FE;
				INFOPLIST_FILE = ArityFanTests/Info.plist;
				LD_RUNPATH_SEARCH_PATHS = "$(inherited) @executable_path/Frameworks @loader_path/Frameworks";
				PRODUCT_BUNDLE_IDENTIFIER = com.edmundmok.ArityFanTests;
				PRODUCT_NAME = "$(TARGET_NAME)";
				SWIFT_VERSION = 3.0;
				TEST_HOST = "$(BUILT_PRODUCTS_DIR)/ArityFan.app/ArityFan";
			};
			name = Debug;
		};
		F17E5B1C1F6EA7BC003282A2 /* Release */ = {
			isa = XCBuildConfiguration;
			buildSettings = {
				ALWAYS_EMBED_SWIFT_STANDARD_LIBRARIES = YES;
				BUNDLE_LOADER = "$(TEST_HOST)";
				DEVELOPMENT_TEAM = 93J5N959FE;
				INFOPLIST_FILE = ArityFanTests/Info.plist;
				LD_RUNPATH_SEARCH_PATHS = "$(inherited) @executable_path/Frameworks @loader_path/Frameworks";
				PRODUCT_BUNDLE_IDENTIFIER = com.edmundmok.ArityFanTests;
				PRODUCT_NAME = "$(TARGET_NAME)";
				SWIFT_VERSION = 3.0;
				TEST_HOST = "$(BUILT_PRODUCTS_DIR)/ArityFan.app/ArityFan";
			};
			name = Release;
		};
/* End XCBuildConfiguration section */

/* Begin XCConfigurationList section */
		F17E5AF51F6EA7BC003282A2 /* Build configuration list for PBXProject "ArityFan" */ = {
			isa = XCConfigurationList;
			buildConfigurations = (
				F17E5B151F6EA7BC003282A2 /* Debug */,
				F17E5B161F6EA7BC003282A2 /* Release */,
			);
			defaultConfigurationIsVisible = 0;
			defaultConfigurationName = Release;
		};
		F17E5B171F6EA7BC003282A2 /* Build configuration list for PBXNativeTarget "ArityFan" */ = {
			isa = XCConfigurationList;
			buildConfigurations = (
				F17E5B181F6EA7BC003282A2 /* Debug */,
				F17E5B191F6EA7BC003282A2 /* Release */,
			);
			defaultConfigurationIsVisible = 0;
		};
		F17E5B1A1F6EA7BC003282A2 /* Build configuration list for PBXNativeTarget "ArityFanTests" */ = {
			isa = XCConfigurationList;
			buildConfigurations = (
				F17E5B1B1F6EA7BC003282A2 /* Debug */,
				F17E5B1C1F6EA7BC003282A2 /* Release */,
			);
			defaultConfigurationIsVisible = 0;
		};
/* End XCConfigurationList section */
	};
	rootObject = F17E5AF21F6EA7BC003282A2 /* Project object */;
}
